// !$*UTF8*$!
{
	archiveVersion = 1;
	classes = {
	};
	objectVersion = 46;
	objects = {

/* Begin PBXBuildFile section */
		61A721961C13656500031AF1 /* AppDelegate.swift in Sources */ = {isa = PBXBuildFile; fileRef = 61A721951C13656500031AF1 /* AppDelegate.swift */; };
		61A721981C13656500031AF1 /* ViewController.swift in Sources */ = {isa = PBXBuildFile; fileRef = 61A721971C13656500031AF1 /* ViewController.swift */; };
		61A7219B1C13656500031AF1 /* Main.storyboard in Resources */ = {isa = PBXBuildFile; fileRef = 61A721991C13656500031AF1 /* Main.storyboard */; };
		61A7219D1C13656500031AF1 /* Images.xcassets in Resources */ = {isa = PBXBuildFile; fileRef = 61A7219C1C13656500031AF1 /* Images.xcassets */; };
		61A721A01C13656500031AF1 /* LaunchScreen.xib in Resources */ = {isa = PBXBuildFile; fileRef = 61A7219E1C13656500031AF1 /* LaunchScreen.xib */; };
		61A721AC1C13656500031AF1 /* Tinovation_AppTests.swift in Sources */ = {isa = PBXBuildFile; fileRef = 61A721AB1C13656500031AF1 /* Tinovation_AppTests.swift */; };
/* End PBXBuildFile section */

/* Begin PBXContainerItemProxy section */
		61A721A61C13656500031AF1 /* PBXContainerItemProxy */ = {
			isa = PBXContainerItemProxy;
			containerPortal = 61A721881C13656500031AF1 /* Project object */;
			proxyType = 1;
			remoteGlobalIDString = 61A7218F1C13656500031AF1;
			remoteInfo = "Tinovation App";
		};
/* End PBXContainerItemProxy section */

/* Begin PBXFileReference section */
		61A721901C13656500031AF1 /* Tinovation App.app */ = {isa = PBXFileReference; explicitFileType = wrapper.application; includeInIndex = 0; path = "Tinovation App.app"; sourceTree = BUILT_PRODUCTS_DIR; };
		61A721941C13656500031AF1 /* Info.plist */ = {isa = PBXFileReference; lastKnownFileType = text.plist.xml; path = Info.plist; sourceTree = "<group>"; };
		61A721951C13656500031AF1 /* AppDelegate.swift */ = {isa = PBXFileReference; lastKnownFileType = sourcecode.swift; path = AppDelegate.swift; sourceTree = "<group>"; };
		61A721971C13656500031AF1 /* ViewController.swift */ = {isa = PBXFileReference; lastKnownFileType = sourcecode.swift; path = ViewController.swift; sourceTree = "<group>"; };
		61A7219A1C13656500031AF1 /* Base */ = {isa = PBXFileReference; lastKnownFileType = file.storyboard; name = Base; path = Base.lproj/Main.storyboard; sourceTree = "<group>"; };
		61A7219C1C13656500031AF1 /* Images.xcassets */ = {isa = PBXFileReference; lastKnownFileType = folder.assetcatalog; path = Images.xcassets; sourceTree = "<group>"; };
		61A7219F1C13656500031AF1 /* Base */ = {isa = PBXFileReference; lastKnownFileType = file.xib; name = Base; path = Base.lproj/LaunchScreen.xib; sourceTree = "<group>"; };
		61A721A51C13656500031AF1 /* Tinovation AppTests.xctest */ = {isa = PBXFileReference; explicitFileType = wrapper.cfbundle; includeInIndex = 0; path = "Tinovation AppTests.xctest"; sourceTree = BUILT_PRODUCTS_DIR; };
		61A721AA1C13656500031AF1 /* Info.plist */ = {isa = PBXFileReference; lastKnownFileType = text.plist.xml; path = Info.plist; sourceTree = "<group>"; };
		61A721AB1C13656500031AF1 /* Tinovation_AppTests.swift */ = {isa = PBXFileReference; lastKnownFileType = sourcecode.swift; path = Tinovation_AppTests.swift; sourceTree = "<group>"; };
/* End PBXFileReference section */

/* Begin PBXFrameworksBuildPhase section */
		61A7218D1C13656500031AF1 /* Frameworks */ = {
			isa = PBXFrameworksBuildPhase;
			buildActionMask = 2147483647;
			files = (
			);
			runOnlyForDeploymentPostprocessing = 0;
		};
		61A721A21C13656500031AF1 /* Frameworks */ = {
			isa = PBXFrameworksBuildPhase;
			buildActionMask = 2147483647;
			files = (
			);
			runOnlyForDeploymentPostprocessing = 0;
		};
/* End PBXFrameworksBuildPhase section */

/* Begin PBXGroup section */
		61A721871C13656500031AF1 = {
			isa = PBXGroup;
			children = (
				61A721921C13656500031AF1 /* Tinovation App */,
				61A721A81C13656500031AF1 /* Tinovation AppTests */,
				61A721911C13656500031AF1 /* Products */,
			);
			sourceTree = "<group>";
		};
		61A721911C13656500031AF1 /* Products */ = {
			isa = PBXGroup;
			children = (
				61A721901C13656500031AF1 /* Tinovation App.app */,
				61A721A51C13656500031AF1 /* Tinovation AppTests.xctest */,
			);
			name = Products;
			sourceTree = "<group>";
		};
		61A721921C13656500031AF1 /* Tinovation App */ = {
			isa = PBXGroup;
			children = (
				61A721951C13656500031AF1 /* AppDelegate.swift */,
				61A721971C13656500031AF1 /* ViewController.swift */,
				61A721991C13656500031AF1 /* Main.storyboard */,
				61A7219C1C13656500031AF1 /* Images.xcassets */,
				61A7219E1C13656500031AF1 /* LaunchScreen.xib */,
				61A721931C13656500031AF1 /* Supporting Files */,
			);
			path = "Tinovation App";
			sourceTree = "<group>";
		};
		61A721931C13656500031AF1 /* Supporting Files */ = {
			isa = PBXGroup;
			children = (
				61A721941C13656500031AF1 /* Info.plist */,
			);
			name = "Supporting Files";
			sourceTree = "<group>";
		};
		61A721A81C13656500031AF1 /* Tinovation AppTests */ = {
			isa = PBXGroup;
			children = (
				61A721AB1C13656500031AF1 /* Tinovation_AppTests.swift */,
				61A721A91C13656500031AF1 /* Supporting Files */,
			);
			path = "Tinovation AppTests";
			sourceTree = "<group>";
		};
		61A721A91C13656500031AF1 /* Supporting Files */ = {
			isa = PBXGroup;
			children = (
				61A721AA1C13656500031AF1 /* Info.plist */,
			);
			name = "Supporting Files";
			sourceTree = "<group>";
		};
/* End PBXGroup section */

/* Begin PBXNativeTarget section */
		61A7218F1C13656500031AF1 /* Tinovation App */ = {
			isa = PBXNativeTarget;
			buildConfigurationList = 61A721AF1C13656500031AF1 /* Build configuration list for PBXNativeTarget "Tinovation App" */;
			buildPhases = (
				61A7218C1C13656500031AF1 /* Sources */,
				61A7218D1C13656500031AF1 /* Frameworks */,
				61A7218E1C13656500031AF1 /* Resources */,
			);
			buildRules = (
			);
			dependencies = (
			);
			name = "Tinovation App";
			productName = "Tinovation App";
			productReference = 61A721901C13656500031AF1 /* Tinovation App.app */;
			productType = "com.apple.product-type.application";
		};
		61A721A41C13656500031AF1 /* Tinovation AppTests */ = {
			isa = PBXNativeTarget;
			buildConfigurationList = 61A721B21C13656500031AF1 /* Build configuration list for PBXNativeTarget "Tinovation AppTests" */;
			buildPhases = (
				61A721A11C13656500031AF1 /* Sources */,
				61A721A21C13656500031AF1 /* Frameworks */,
				61A721A31C13656500031AF1 /* Resources */,
			);
			buildRules = (
			);
			dependencies = (
				61A721A71C13656500031AF1 /* PBXTargetDependency */,
			);
			name = "Tinovation AppTests";
			productName = "Tinovation AppTests";
			productReference = 61A721A51C13656500031AF1 /* Tinovation AppTests.xctest */;
			productType = "com.apple.product-type.bundle.unit-test";
		};
/* End PBXNativeTarget section */

/* Begin PBXProject section */
		61A721881C13656500031AF1 /* Project object */ = {
			isa = PBXProject;
			attributes = {
				LastUpgradeCheck = 0630;
				ORGANIZATIONNAME = "Mohak Buch";
				TargetAttributes = {
					61A7218F1C13656500031AF1 = {
						CreatedOnToolsVersion = 6.3.1;
					};
					61A721A41C13656500031AF1 = {
						CreatedOnToolsVersion = 6.3.1;
						TestTargetID = 61A7218F1C13656500031AF1;
					};
				};
			};
			buildConfigurationList = 61A7218B1C13656500031AF1 /* Build configuration list for PBXProject "Tinovation App" */;
			compatibilityVersion = "Xcode 3.2";
			developmentRegion = English;
			hasScannedForEncodings = 0;
			knownRegions = (
				en,
				Base,
			);
			mainGroup = 61A721871C13656500031AF1;
			productRefGroup = 61A721911C13656500031AF1 /* Products */;
			projectDirPath = "";
			projectRoot = "";
			targets = (
				61A7218F1C13656500031AF1 /* Tinovation App */,
				61A721A41C13656500031AF1 /* Tinovation AppTests */,
			);
		};
/* End PBXProject section */

/* Begin PBXResourcesBuildPhase section */
		61A7218E1C13656500031AF1 /* Resources */ = {
			isa = PBXResourcesBuildPhase;
			buildActionMask = 2147483647;
			files = (
				61A7219B1C13656500031AF1 /* Main.storyboard in Resources */,
				61A721A01C13656500031AF1 /* LaunchScreen.xib in Resources */,
				61A7219D1C13656500031AF1 /* Images.xcassets in Resources */,
			);
			runOnlyForDeploymentPostprocessing = 0;
		};
		61A721A31C13656500031AF1 /* Resources */ = {
			isa = PBXResourcesBuildPhase;
			buildActionMask = 2147483647;
			files = (
			);
			runOnlyForDeploymentPostprocessing = 0;
		};
/* End PBXResourcesBuildPhase section */

/* Begin PBXSourcesBuildPhase section */
		61A7218C1C13656500031AF1 /* Sources */ = {
			isa = PBXSourcesBuildPhase;
			buildActionMask = 2147483647;
			files = (
				61A721981C13656500031AF1 /* ViewController.swift in Sources */,
				61A721961C13656500031AF1 /* AppDelegate.swift in Sources */,
			);
			runOnlyForDeploymentPostprocessing = 0;
		};
		61A721A11C13656500031AF1 /* Sources */ = {
			isa = PBXSourcesBuildPhase;
			buildActionMask = 2147483647;
			files = (
				61A721AC1C13656500031AF1 /* Tinovation_AppTests.swift in Sources */,
			);
			runOnlyForDeploymentPostprocessing = 0;
		};
/* End PBXSourcesBuildPhase section */

/* Begin PBXTargetDependency section */
		61A721A71C13656500031AF1 /* PBXTargetDependency */ = {
			isa = PBXTargetDependency;
			target = 61A7218F1C13656500031AF1 /* Tinovation App */;
			targetProxy = 61A721A61C13656500031AF1 /* PBXContainerItemProxy */;
		};
/* End PBXTargetDependency section */

/* Begin PBXVariantGroup section */
		61A721991C13656500031AF1 /* Main.storyboard */ = {
			isa = PBXVariantGroup;
			children = (
				61A7219A1C13656500031AF1 /* Base */,
			);
			name = Main.storyboard;
			sourceTree = "<group>";
		};
		61A7219E1C13656500031AF1 /* LaunchScreen.xib */ = {
			isa = PBXVariantGroup;
			children = (
				61A7219F1C13656500031AF1 /* Base */,
			);
			name = LaunchScreen.xib;
			sourceTree = "<group>";
		};
/* End PBXVariantGroup section */

/* Begin XCBuildConfiguration section */
		61A721AD1C13656500031AF1 /* Debug */ = {
			isa = XCBuildConfiguration;
			buildSettings = {
				ALWAYS_SEARCH_USER_PATHS = NO;
				CLANG_CXX_LANGUAGE_STANDARD = "gnu++0x";
				CLANG_CXX_LIBRARY = "libc++";
				CLANG_ENABLE_MODULES = YES;
				CLANG_ENABLE_OBJC_ARC = YES;
				CLANG_WARN_BOOL_CONVERSION = YES;
				CLANG_WARN_CONSTANT_CONVERSION = YES;
				CLANG_WARN_DIRECT_OBJC_ISA_USAGE = YES_ERROR;
				CLANG_WARN_EMPTY_BODY = YES;
				CLANG_WARN_ENUM_CONVERSION = YES;
				CLANG_WARN_INT_CONVERSION = YES;
				CLANG_WARN_OBJC_ROOT_CLASS = YES_ERROR;
				CLANG_WARN_UNREACHABLE_CODE = YES;
				CLANG_WARN__DUPLICATE_METHOD_MATCH = YES;
				"CODE_SIGN_IDENTITY[sdk=iphoneos*]" = "iPhone Developer";
				COPY_PHASE_STRIP = NO;
				DEBUG_INFORMATION_FORMAT = "dwarf-with-dsym";
				ENABLE_STRICT_OBJC_MSGSEND = YES;
				GCC_C_LANGUAGE_STANDARD = gnu99;
				GCC_DYNAMIC_NO_PIC = NO;
				GCC_NO_COMMON_BLOCKS = YES;
				GCC_OPTIMIZATION_LEVEL = 0;
				GCC_PREPROCESSOR_DEFINITIONS = (
					"DEBUG=1",
					"$(inherited)",
				);
				GCC_SYMBOLS_PRIVATE_EXTERN = NO;
				GCC_WARN_64_TO_32_BIT_CONVERSION = YES;
				GCC_WARN_ABOUT_RETURN_TYPE = YES_ERROR;
				GCC_WARN_UNDECLARED_SELECTOR = YES;
				GCC_WARN_UNINITIALIZED_AUTOS = YES_AGGRESSIVE;
				GCC_WARN_UNUSED_FUNCTION = YES;
				GCC_WARN_UNUSED_VARIABLE = YES;
				IPHONEOS_DEPLOYMENT_TARGET = 8.3;
				MTL_ENABLE_DEBUG_INFO = YES;
				ONLY_ACTIVE_ARCH = YES;
				SDKROOT = iphoneos;
				SWIFT_OPTIMIZATION_LEVEL = "-Onone";
			};
			name = Debug;
		};
		61A721AE1C13656500031AF1 /* Release */ = {
			isa = XCBuildConfiguration;
			buildSettings = {
				ALWAYS_SEARCH_USER_PATHS = NO;
				CLANG_CXX_LANGUAGE_STANDARD = "gnu++0x";
				CLANG_CXX_LIBRARY = "libc++";
				CLANG_ENABLE_MODULES = YES;
				CLANG_ENABLE_OBJC_ARC = YES;
				CLANG_WARN_BOOL_CONVERSION = YES;
				CLANG_WARN_CONSTANT_CONVERSION = YES;
				CLANG_WARN_DIRECT_OBJC_ISA_USAGE = YES_ERROR;
				CLANG_WARN_EMPTY_BODY = YES;
				CLANG_WARN_ENUM_CONVERSION = YES;
				CLANG_WARN_INT_CONVERSION = YES;
				CLANG_WARN_OBJC_ROOT_CLASS = YES_ERROR;
				CLANG_WARN_UNREACHABLE_CODE = YES;
				CLANG_WARN__DUPLICATE_METHOD_MATCH = YES;
				"CODE_SIGN_IDENTITY[sdk=iphoneos*]" = "iPhone Developer";
				COPY_PHASE_STRIP = NO;
				DEBUG_INFORMATION_FORMAT = "dwarf-with-dsym";
				ENABLE_NS_ASSERTIONS = NO;
				ENABLE_STRICT_OBJC_MSGSEND = YES;
				GCC_C_LANGUAGE_STANDARD = gnu99;
				GCC_NO_COMMON_BLOCKS = YES;
				GCC_WARN_64_TO_32_BIT_CONVERSION = YES;
				GCC_WARN_ABOUT_RETURN_TYPE = YES_ERROR;
				GCC_WARN_UNDECLARED_SELECTOR = YES;
				GCC_WARN_UNINITIALIZED_AUTOS = YES_AGGRESSIVE;
				GCC_WARN_UNUSED_FUNCTION = YES;
				GCC_WARN_UNUSED_VARIABLE = YES;
				IPHONEOS_DEPLOYMENT_TARGET = 8.3;
				MTL_ENABLE_DEBUG_INFO = NO;
				SDKROOT = iphoneos;
				VALIDATE_PRODUCT = YES;
			};
			name = Release;
		};
		61A721B01C13656500031AF1 /* Debug */ = {
			isa = XCBuildConfiguration;
			buildSettings = {
				ASSETCATALOG_COMPILER_APPICON_NAME = AppIcon;
				INFOPLIST_FILE = "Tinovation App/Info.plist";
				LD_RUNPATH_SEARCH_PATHS = "$(inherited) @executable_path/Frameworks";
				PRODUCT_NAME = "$(TARGET_NAME)";
			};
			name = Debug;
		};
		61A721B11C13656500031AF1 /* Release */ = {
			isa = XCBuildConfiguration;
			buildSettings = {
				ASSETCATALOG_COMPILER_APPICON_NAME = AppIcon;
				INFOPLIST_FILE = "Tinovation App/Info.plist";
				LD_RUNPATH_SEARCH_PATHS = "$(inherited) @executable_path/Frameworks";
				PRODUCT_NAME = "$(TARGET_NAME)";
			};
			name = Release;
		};
		61A721B31C13656500031AF1 /* Debug */ = {
			isa = XCBuildConfiguration;
			buildSettings = {
				BUNDLE_LOADER = "$(TEST_HOST)";
				FRAMEWORK_SEARCH_PATHS = (
					"$(SDKROOT)/Developer/Library/Frameworks",
					"$(inherited)",
				);
				GCC_PREPROCESSOR_DEFINITIONS = (
					"DEBUG=1",
					"$(inherited)",
				);
				INFOPLIST_FILE = "Tinovation AppTests/Info.plist";
				LD_RUNPATH_SEARCH_PATHS = "$(inherited) @executable_path/Frameworks @loader_path/Frameworks";
				PRODUCT_NAME = "$(TARGET_NAME)";
				TEST_HOST = "$(BUILT_PRODUCTS_DIR)/Tinovation App.app/Tinovation App";
			};
			name = Debug;
		};
		61A721B41C13656500031AF1 /* Release */ = {
			isa = XCBuildConfiguration;
			buildSettings = {
				BUNDLE_LOADER = "$(TEST_HOST)";
				FRAMEWORK_SEARCH_PATHS = (
					"$(SDKROOT)/Developer/Library/Frameworks",
					"$(inherited)",
				);
				INFOPLIST_FILE = "Tinovation AppTests/Info.plist";
				LD_RUNPATH_SEARCH_PATHS = "$(inherited) @executable_path/Frameworks @loader_path/Frameworks";
				PRODUCT_NAME = "$(TARGET_NAME)";
				TEST_HOST = "$(BUILT_PRODUCTS_DIR)/Tinovation App.app/Tinovation App";
			};
			name = Release;
		};
/* End XCBuildConfiguration section */

/* Begin XCConfigurationList section */
		61A7218B1C13656500031AF1 /* Build configuration list for PBXProject "Tinovation App" */ = {
			isa = XCConfigurationList;
			buildConfigurations = (
				61A721AD1C13656500031AF1 /* Debug */,
				61A721AE1C13656500031AF1 /* Release */,
			);
			defaultConfigurationIsVisible = 0;
			defaultConfigurationName = Release;
		};
		61A721AF1C13656500031AF1 /* Build configuration list for PBXNativeTarget "Tinovation App" */ = {
			isa = XCConfigurationList;
			buildConfigurations = (
				61A721B01C13656500031AF1 /* Debug */,
				61A721B11C13656500031AF1 /* Release */,
			);
			defaultConfigurationIsVisible = 0;
		};
		61A721B21C13656500031AF1 /* Build configuration list for PBXNativeTarget "Tinovation AppTests" */ = {
			isa = XCConfigurationList;
			buildConfigurations = (
				61A721B31C13656500031AF1 /* Debug */,
				61A721B41C13656500031AF1 /* Release */,
			);
			defaultConfigurationIsVisible = 0;
		};
/* End XCConfigurationList section */
	};
	rootObject = 61A721881C13656500031AF1 /* Project object */;
}
